
Microsoft Visual Studio Solution File, Format Version 12.00
# Visual Studio Version 17
VisualStudioVersion = 17.4.33213.308
MinimumVisualStudioVersion = 10.0.40219.1
Project("{FAE04EC0-301F-11D3-BF4B-00C04F79EFBC}") = "SmashBros Tournament Locator.Android", "SmashBros Tournament Locator.Android\SmashBros Tournament Locator.Android.csproj", "{03028896-73BA-4E4B-8ABD-6A178C4EED4D}"
EndProject
Project("{FAE04EC0-301F-11D3-BF4B-00C04F79EFBC}") = "SmashBros Tournament Locator.iOS", "SmashBros Tournament Locator.iOS\SmashBros Tournament Locator.iOS.csproj", "{6D008353-064C-444D-9BE6-1D7DF54FB954}"
EndProject
Project("{FAE04EC0-301F-11D3-BF4B-00C04F79EFBC}") = "SmashBros Tournament Locator", "SmashBros Tournament Locator\SmashBros Tournament Locator.csproj", "{613B7D87-6490-4F3F-947E-5A7F79CD1210}"
EndProject
Global
	GlobalSection(SolutionConfigurationPlatforms) = preSolution
		Debug|Any CPU = Debug|Any CPU
		Debug|iPhone = Debug|iPhone
		Debug|iPhoneSimulator = Debug|iPhoneSimulator
		Release|Any CPU = Release|Any CPU
		Release|iPhone = Release|iPhone
		Release|iPhoneSimulator = Release|iPhoneSimulator
	EndGlobalSection
	GlobalSection(ProjectConfigurationPlatforms) = postSolution
		{03028896-73BA-4E4B-8ABD-6A178C4EED4D}.Debug|Any CPU.ActiveCfg = Debug|Any CPU
		{03028896-73BA-4E4B-8ABD-6A178C4EED4D}.Debug|Any CPU.Build.0 = Debug|Any CPU
		{03028896-73BA-4E4B-8ABD-6A178C4EED4D}.Debug|Any CPU.Deploy.0 = Debug|Any CPU
		{03028896-73BA-4E4B-8ABD-6A178C4EED4D}.Debug|iPhone.ActiveCfg = Debug|Any CPU
		{03028896-73BA-4E4B-8ABD-6A178C4EED4D}.Debug|iPhone.Build.0 = Debug|Any CPU
		{03028896-73BA-4E4B-8ABD-6A178C4EED4D}.Debug|iPhone.Deploy.0 = Debug|Any CPU
		{03028896-73BA-4E4B-8ABD-6A178C4EED4D}.Debug|iPhoneSimulator.ActiveCfg = Debug|Any CPU
		{03028896-73BA-4E4B-8ABD-6A178C4EED4D}.Debug|iPhoneSimulator.Build.0 = Debug|Any CPU
		{03028896-73BA-4E4B-8ABD-6A178C4EED4D}.Debug|iPhoneSimulator.Deploy.0 = Debug|Any CPU
		{03028896-73BA-4E4B-8ABD-6A178C4EED4D}.Release|Any CPU.ActiveCfg = Release|Any CPU
		{03028896-73BA-4E4B-8ABD-6A178C4EED4D}.Release|Any CPU.Build.0 = Release|Any CPU
		{03028896-73BA-4E4B-8ABD-6A178C4EED4D}.Release|Any CPU.Deploy.0 = Release|Any CPU
		{03028896-73BA-4E4B-8ABD-6A178C4EED4D}.Release|iPhone.ActiveCfg = Release|Any CPU
		{03028896-73BA-4E4B-8ABD-6A178C4EED4D}.Release|iPhone.Build.0 = Release|Any CPU
		{03028896-73BA-4E4B-8ABD-6A178C4EED4D}.Release|iPhone.Deploy.0 = Release|Any CPU
		{03028896-73BA-4E4B-8ABD-6A178C4EED4D}.Release|iPhoneSimulator.ActiveCfg = Release|Any CPU
		{03028896-73BA-4E4B-8ABD-6A178C4EED4D}.Release|iPhoneSimulator.Build.0 = Release|Any CPU
		{03028896-73BA-4E4B-8ABD-6A178C4EED4D}.Release|iPhoneSimulator.Deploy.0 = Release|Any CPU
		{6D008353-064C-444D-9BE6-1D7DF54FB954}.Debug|Any CPU.ActiveCfg = Debug|iPhone
		{6D008353-064C-444D-9BE6-1D7DF54FB954}.Debug|Any CPU.Build.0 = Debug|iPhone
		{6D008353-064C-444D-9BE6-1D7DF54FB954}.Debug|Any CPU.Deploy.0 = Debug|iPhone
		{6D008353-064C-444D-9BE6-1D7DF54FB954}.Debug|iPhone.ActiveCfg = Debug|iPhone
		{6D008353-064C-444D-9BE6-1D7DF54FB954}.Debug|iPhone.Build.0 = Debug|iPhone
		{6D008353-064C-444D-9BE6-1D7DF54FB954}.Debug|iPhone.Deploy.0 = Debug|iPhone
		{6D008353-064C-444D-9BE6-1D7DF54FB954}.Debug|iPhoneSimulator.ActiveCfg = Debug|iPhoneSimulator
		{6D008353-064C-444D-9BE6-1D7DF54FB954}.Debug|iPhoneSimulator.Build.0 = Debug|iPhoneSimulator
		{6D008353-064C-444D-9BE6-1D7DF54FB954}.Debug|iPhoneSimulator.Deploy.0 = Debug|iPhoneSimulator
		{6D008353-064C-444D-9BE6-1D7DF54FB954}.Release|Any CPU.ActiveCfg = Release|iPhoneSimulator
		{6D008353-064C-444D-9BE6-1D7DF54FB954}.Release|Any CPU.Build.0 = Release|iPhoneSimulator
		{6D008353-064C-444D-9BE6-1D7DF54FB954}.Release|Any CPU.Deploy.0 = Release|iPhoneSimulator
		{6D008353-064C-444D-9BE6-1D7DF54FB954}.Release|iPhone.ActiveCfg = Release|iPhone
		{6D008353-064C-444D-9BE6-1D7DF54FB954}.Release|iPhone.Build.0 = Release|iPhone
		{6D008353-064C-444D-9BE6-1D7DF54FB954}.Release|iPhone.Deploy.0 = Release|iPhone
		{6D008353-064C-444D-9BE6-1D7DF54FB954}.Release|iPhoneSimulator.ActiveCfg = Release|iPhoneSimulator
		{6D008353-064C-444D-9BE6-1D7DF54FB954}.Release|iPhoneSimulator.Build.0 = Release|iPhoneSimulator
		{6D008353-064C-444D-9BE6-1D7DF54FB954}.Release|iPhoneSimulator.Deploy.0 = Release|iPhoneSimulator
		{613B7D87-6490-4F3F-947E-5A7F79CD1210}.Debug|Any CPU.ActiveCfg = Debug|Any CPU
		{613B7D87-6490-4F3F-947E-5A7F79CD1210}.Debug|Any CPU.Build.0 = Debug|Any CPU
		{613B7D87-6490-4F3F-947E-5A7F79CD1210}.Debug|Any CPU.Deploy.0 = Debug|Any CPU
		{613B7D87-6490-4F3F-947E-5A7F79CD1210}.Debug|iPhone.ActiveCfg = Debug|Any CPU
		{613B7D87-6490-4F3F-947E-5A7F79CD1210}.Debug|iPhone.Build.0 = Debug|Any CPU
		{613B7D87-6490-4F3F-947E-5A7F79CD1210}.Debug|iPhone.Deploy.0 = Debug|Any CPU
		{613B7D87-6490-4F3F-947E-5A7F79CD1210}.Debug|iPhoneSimulator.ActiveCfg = Debug|Any CPU
		{613B7D87-6490-4F3F-947E-5A7F79CD1210}.Debug|iPhoneSimulator.Build.0 = Debug|Any CPU
		{613B7D87-6490-4F3F-947E-5A7F79CD1210}.Debug|iPhoneSimulator.Deploy.0 = Debug|Any CPU
		{613B7D87-6490-4F3F-947E-5A7F79CD1210}.Release|Any CPU.ActiveCfg = Release|Any CPU
		{613B7D87-6490-4F3F-947E-5A7F79CD1210}.Release|Any CPU.Build.0 = Release|Any CPU
		{613B7D87-6490-4F3F-947E-5A7F79CD1210}.Release|Any CPU.Deploy.0 = Release|Any CPU
		{613B7D87-6490-4F3F-947E-5A7F79CD1210}.Release|iPhone.ActiveCfg = Release|Any CPU
		{613B7D87-6490-4F3F-947E-5A7F79CD1210}.Release|iPhone.Build.0 = Release|Any CPU
		{613B7D87-6490-4F3F-947E-5A7F79CD1210}.Release|iPhone.Deploy.0 = Release|Any CPU
		{613B7D87-6490-4F3F-947E-5A7F79CD1210}.Release|iPhoneSimulator.ActiveCfg = Release|Any CPU
		{613B7D87-6490-4F3F-947E-5A7F79CD1210}.Release|iPhoneSimulator.Build.0 = Release|Any CPU
		{613B7D87-6490-4F3F-947E-5A7F79CD1210}.Release|iPhoneSimulator.Deploy.0 = Release|Any CPU
	EndGlobalSection
	GlobalSection(SolutionProperties) = preSolution
		HideSolutionNode = FALSE
	EndGlobalSection
	GlobalSection(ExtensibilityGlobals) = postSolution
		SolutionGuid = {5E19D619-6943-4579-A38C-E31BD64C909D}
	EndGlobalSection
EndGlobal
